
Microsoft Visual Studio Solution File, Format Version 12.00
# Visual Studio 2015
Project("{FAE04EC0-301F-11D3-BF4B-00C04F79EFBC}") = "PrimsTutorial.CSharp.Plugins", "PrimsTutorial.CSharp.Plugins.csproj", "{62D4BCCB-8B8E-BD3F-ABA3-C7C5B6E2C961}"
EndProject
Project("{FAE04EC0-301F-11D3-BF4B-00C04F79EFBC}") = "PrimsTutorial.CSharp", "PrimsTutorial.CSharp.csproj", "{1A64E584-96DA-A40D-E2EC-AEE7A6C43DEB}"
EndProject
Global
	GlobalSection(SolutionConfigurationPlatforms) = preSolution
		Debug|Any CPU = Debug|Any CPU
		Release|Any CPU = Release|Any CPU
	EndGlobalSection
	GlobalSection(ProjectConfigurationPlatforms) = postSolution
		{62D4BCCB-8B8E-BD3F-ABA3-C7C5B6E2C961}.Debug|Any CPU.ActiveCfg = Debug|Any CPU
		{62D4BCCB-8B8E-BD3F-ABA3-C7C5B6E2C961}.Debug|Any CPU.Build.0 = Debug|Any CPU
		{62D4BCCB-8B8E-BD3F-ABA3-C7C5B6E2C961}.Release|Any CPU.ActiveCfg = Release|Any CPU
		{62D4BCCB-8B8E-BD3F-ABA3-C7C5B6E2C961}.Release|Any CPU.Build.0 = Release|Any CPU
		{1A64E584-96DA-A40D-E2EC-AEE7A6C43DEB}.Debug|Any CPU.ActiveCfg = Debug|Any CPU
		{1A64E584-96DA-A40D-E2EC-AEE7A6C43DEB}.Debug|Any CPU.Build.0 = Debug|Any CPU
		{1A64E584-96DA-A40D-E2EC-AEE7A6C43DEB}.Release|Any CPU.ActiveCfg = Release|Any CPU
		{1A64E584-96DA-A40D-E2EC-AEE7A6C43DEB}.Release|Any CPU.Build.0 = Release|Any CPU
	EndGlobalSection
	GlobalSection(SolutionProperties) = preSolution
		HideSolutionNode = FALSE
	EndGlobalSection
EndGlobal
